schema: '2.0'
stages:
  data_ingestion:
    cmd: python src/github_labeler/pipelines/data_pipeline.py
    deps:
    - path: src/github_labeler/core/config.yaml
      hash: md5
      md5: a066bf165ce79f90b0129639fcf6e97a
      size: 216
    - path: src/github_labeler/pipelines/data_pipeline.py
      hash: md5
      md5: b869742ff031892b373ad840df3f0cd3
      size: 1227
    outs:
    - path: data/raw/github_issues_full.tsv
      hash: md5
      md5: 6709bd03bdac11cdc73dca169e9df309
      size: 19904661
